{
  "name": "weibo-hot-search-automation",
  "version": "1.0.0",
  "lockfileVersion": 3,
  "requires": true,
  "packages": {
    "": {
      "name": "weibo-hot-search-automation",
      "version": "1.0.0",
      "license": "MIT",
      "dependencies": {
        "playwright": "^1.58.0",
        "puppeteer": "^24.36.0"
      }
    },
    "node_modules/@babel/code-frame": {
      "version": "7.28.6",
      "resolved": "http://r.npm.sankuai.com/@babel/code-frame/download/@babel/code-frame-7.28.6.tgz",
      "integrity": "sha1-ckmTEuxYseIkW6Sk9VDBMr5Jgvc=",
      "license": "MIT",
      "dependencies": {
        "@babel/helper-validator-identifier": "^7.28.5",
        "js-tokens": "^4.0.0",
        "picocolors": "^1.1.1"
      },
      "engines": {
        "node": ">=6.9.0"
      }
    },
    "node_modules/@babel/helper-validator-identifier": {
      "version": "7.28.5",
      "resolved": "http://r.npm.sankuai.com/@babel/helper-validator-identifier/download/@babel/helper-validator-identifier-7.28.5.tgz",
      "integrity": "sha1-AQtpOPq3y333SqK7wGqlA7j+X7Q=",
      "license": "MIT",
      "engines": {
        "node": ">=6.9.0"
      }
    },
    "node_modules/@puppeteer/browsers": {
      "version": "2.11.1",
      "resolved": "http://r.npm.sankuai.com/@puppeteer/browsers/download/@puppeteer/browsers-2.11.1.tgz",
      "integrity": "sha1-2tN41dLUdko6tzFslHYQX6oNfAs=",
      "license": "Apache-2.0",
      "dependencies": {
        "debug": "^4.4.3",
        "extract-zip": "^2.0.1",
        "progress": "^2.0.3",
        "proxy-agent": "^6.5.0",
        "semver": "^7.7.3",
        "tar-fs": "^3.1.1",
        "yargs": "^17.7.2"
      },
      "bin": {
        "browsers": "lib/cjs/main-cli.js"
      },
      "engines": {
        "node": ">=18"
      }
    },
    "node_modules/@tootallnate/quickjs-emscripten": {
      "version": "0.23.0",
      "resolved": "http://r.npm.sankuai.com/@tootallnate/quickjs-emscripten/download/@tootallnate/quickjs-emscripten-0.23.0.tgz",
      "integrity": "sha1-207P1JmpdlqyQALDtpbQLm0yoSw=",
      "license": "MIT"
    },
    "node_modules/@types/node": {
      "version": "25.0.10",
      "resolved": "http://r.npm.sankuai.com/@types/node/download/@types/node-25.0.10.tgz",
      "integrity": "sha1-SGRFnDyUWTdri3X9BRMVBxyCE+c=",
      "license": "MIT",
      "optional": true,
      "dependencies": {
        "undici-types": "~7.16.0"
      }
    },
    "node_modules/@types/yauzl": {
      "version": "2.10.3",
      "resolved": "http://r.npm.sankuai.com/@types/yauzl/download/@types/yauzl-2.10.3.tgz",
      "integrity": "sha1-6bKAi08QlQSgPNqVglmHb2EBeZk=",
      "license": "MIT",
      "optional": true,
      "dependencies": {
        "@types/node": "*"
      }
    },
    "node_modules/agent-base": {
      "version": "7.1.4",
      "resolved": "http://r.npm.sankuai.com/agent-base/download/agent-base-7.1.4.tgz",
      "integrity": "sha1-48121MVI7oldPD/Y3B9sW5Ay56g=",
      "license": "MIT",
      "engines": {
        "node": ">= 14"
      }
    },
    "node_modules/ansi-regex": {
      "version": "5.0.1",
      "resolved": "http://r.npm.sankuai.com/ansi-regex/download/ansi-regex-5.0.1.tgz",
      "integrity": "sha1-CCyyyJyf6GWaMRpTvWpNxTAdswQ=",
      "license": "MIT",
      "engines": {
        "node": ">=8"
      }
    },
    "node_modules/ansi-styles": {
      "version": "4.3.0",
      "resolved": "http://r.npm.sankuai.com/ansi-styles/download/ansi-styles-4.3.0.tgz",
      "integrity": "sha1-7dgDYornHATIWuegkG7a00tkiTc=",
      "license": "MIT",
      "dependencies": {
        "color-convert": "^2.0.1"
      },
      "engines": {
        "node": ">=8"
      },
      "funding": {
        "url": "https://github.com/chalk/ansi-styles?sponsor=1"
      }
    },
    "node_modules/argparse": {
      "version": "2.0.1",
      "resolved": "http://r.npm.sankuai.com/argparse/download/argparse-2.0.1.tgz",
      "integrity": "sha1-JG9Q88p4oyQPbJl+ipvR6sSeSzg=",
      "license": "Python-2.0"
    },
    "node_modules/ast-types": {
      "version": "0.13.4",
      "resolved": "http://r.npm.sankuai.com/ast-types/download/ast-types-0.13.4.tgz",
      "integrity": "sha1-7g13s0MmOWXsw/ti2hbnIisrZ4I=",
      "license": "MIT",
      "dependencies": {
        "tslib": "^2.0.1"
      },
      "engines": {
        "node": ">=4"
      }
    },
    "node_modules/b4a": {
      "version": "1.7.3",
      "resolved": "http://r.npm.sankuai.com/b4a/download/b4a-1.7.3.tgz",
      "integrity": "sha1-JM98zaKPVGW2auwrrGnjKAm/ES8=",
      "license": "Apache-2.0",
      "peerDependencies": {
        "react-native-b4a": "*"
      },
      "peerDependenciesMeta": {
        "react-native-b4a": {
          "optional": true
        }
      }
    },
    "node_modules/bare-events": {
      "version": "2.8.2",
      "resolved": "http://r.npm.sankuai.com/bare-events/download/bare-events-2.8.2.tgz",
      "integrity": "sha1-ez4QvY4fyA2vOLtRaSFnj1ZquJ8=",
      "license": "Apache-2.0",
      "peerDependencies": {
        "bare-abort-controller": "*"
      },
      "peerDependenciesMeta": {
        "bare-abort-controller": {
          "optional": true
        }
      }
    },
    "node_modules/bare-fs": {
      "version": "4.5.2",
      "resolved": "http://r.npm.sankuai.com/bare-fs/download/bare-fs-4.5.2.tgz",
      "integrity": "sha1-2A/4qRd+DbSBjnukS5MCwM8HiK8=",
      "license": "Apache-2.0",
      "optional": true,
      "dependencies": {
        "bare-events": "^2.5.4",
        "bare-path": "^3.0.0",
        "bare-stream": "^2.6.4",
        "bare-url": "^2.2.2",
        "fast-fifo": "^1.3.2"
      },
      "engines": {
        "bare": ">=1.16.0"
      },
      "peerDependencies": {
        "bare-buffer": "*"
      },
      "peerDependenciesMeta": {
        "bare-buffer": {
          "optional": true
        }
      }
    },
    "node_modules/bare-os": {
      "version": "3.6.2",
      "resolved": "http://r.npm.sankuai.com/bare-os/download/bare-os-3.6.2.tgz",
      "integrity": "sha1-s8T1rV4yLA/Q88KfyX0ZAJ4nluU=",
      "license": "Apache-2.0",
      "optional": true,
      "engines": {
        "bare": ">=1.14.0"
      }
    },
    "node_modules/bare-path": {
      "version": "3.0.0",
      "resolved": "http://r.npm.sankuai.com/bare-path/download/bare-path-3.0.0.tgz",
      "integrity": "sha1-tZ0YEwulKmr5J22z6WouPT6lIXg=",
      "license": "Apache-2.0",
      "optional": true,
      "dependencies": {
        "bare-os": "^3.0.1"
      }
    },
    "node_modules/bare-stream": {
      "version": "2.7.0",
      "resolved": "http://r.npm.sankuai.com/bare-stream/download/bare-stream-2.7.0.tgz",
      "integrity": "sha1-W5590KNU0G6C1kYMQmcoU2w114k=",
      "license": "Apache-2.0",
      "optional": true,
      "dependencies": {
        "streamx": "^2.21.0"
      },
      "peerDependencies": {
        "bare-buffer": "*",
        "bare-events": "*"
      },
      "peerDependenciesMeta": {
        "bare-buffer": {
          "optional": true
        },
        "bare-events": {
          "optional": true
        }
      }
    },
    "node_modules/bare-url": {
      "version": "2.3.2",
      "resolved": "http://r.npm.sankuai.com/bare-url/download/bare-url-2.3.2.tgz",
      "integrity": "sha1-Su84LvpmKyGApv5MoHpxs5vffKM=",
      "license": "Apache-2.0",
      "optional": true,
      "dependencies": {
        "bare-path": "^3.0.0"
      }
    },
    "node_modules/basic-ftp": {
      "version": "5.1.0",
      "resolved": "http://r.npm.sankuai.com/basic-ftp/download/basic-ftp-5.1.0.tgz",
      "integrity": "sha1-AOuBKM5TaqaXxFcWxzm/OOjYkPU=",
      "license": "MIT",
      "engines": {
        "node": ">=10.0.0"
      }
    },
    "node_modules/buffer-crc32": {
      "version": "0.2.13",
      "resolved": "http://r.npm.sankuai.com/buffer-crc32/download/buffer-crc32-0.2.13.tgz",
      "integrity": "sha1-DTM+PwDqxQqhRUq9MO+MKl2ackI=",
      "license": "MIT",
      "engines": {
        "node": "*"
      }
    },
    "node_modules/callsites": {
      "version": "3.1.0",
      "resolved": "http://r.npm.sankuai.com/callsites/download/callsites-3.1.0.tgz",
      "integrity": "sha1-s2MKvYlDQy9Us/BRkjjjPNffL3M=",
      "license": "MIT",
      "engines": {
        "node": ">=6"
      }
    },
    "node_modules/chromium-bidi": {
      "version": "13.0.1",
      "resolved": "http://r.npm.sankuai.com/chromium-bidi/download/chromium-bidi-13.0.1.tgz",
      "integrity": "sha1-DU78VwHNFVqzI7atSyajEyM007k=",
      "license": "Apache-2.0",
      "dependencies": {
        "mitt": "^3.0.1",
        "zod": "^3.24.1"
      },
      "peerDependencies": {
        "devtools-protocol": "*"
      }
    },
    "node_modules/cliui": {
      "version": "8.0.1",
      "resolved": "http://r.npm.sankuai.com/cliui/download/cliui-8.0.1.tgz",
      "integrity": "sha1-DASwddsCy/5g3I5s8vVIaxo2CKo=",
      "license": "ISC",
      "dependencies": {
        "string-width": "^4.2.0",
        "strip-ansi": "^6.0.1",
        "wrap-ansi": "^7.0.0"
      },
      "engines": {
        "node": ">=12"
      }
    },
    "node_modules/color-convert": {
      "version": "2.0.1",
      "resolved": "http://r.npm.sankuai.com/color-convert/download/color-convert-2.0.1.tgz",
      "integrity": "sha1-ctOmjVmMm9s68q0ehPIdiWq9TeM=",
      "license": "MIT",
      "dependencies": {
        "color-name": "~1.1.4"
      },
      "engines": {
        "node": ">=7.0.0"
      }
    },
    "node_modules/color-name": {
      "version": "1.1.4",
      "resolved": "http://r.npm.sankuai.com/color-name/download/color-name-1.1.4.tgz",
      "integrity": "sha1-wqCah6y95pVD3m9j+jmVyCbFNqI=",
      "license": "MIT"
    },
    "node_modules/cosmiconfig": {
      "version": "9.0.0",
      "resolved": "http://r.npm.sankuai.com/cosmiconfig/download/cosmiconfig-9.0.0.tgz",
      "integrity": "sha1-NMP8WCh7kV866QWrbcPeJYtVrZ0=",
      "license": "MIT",
      "dependencies": {
        "env-paths": "^2.2.1",
        "import-fresh": "^3.3.0",
        "js-yaml": "^4.1.0",
        "parse-json": "^5.2.0"
      },
      "engines": {
        "node": ">=14"
      },
      "funding": {
        "url": "https://github.com/sponsors/d-fischer"
      },
      "peerDependencies": {
        "typescript": ">=4.9.5"
      },
      "peerDependenciesMeta": {
        "typescript": {
          "optional": true
        }
      }
    },
    "node_modules/data-uri-to-buffer": {
      "version": "6.0.2",
      "resolved": "http://r.npm.sankuai.com/data-uri-to-buffer/download/data-uri-to-buffer-6.0.2.tgz",
      "integrity": "sha1-ili7ZzhLJho47xi+oYEMsBut0os=",
      "license": "MIT",
      "engines": {
        "node": ">= 14"
      }
    },
    "node_modules/debug": {
      "version": "4.4.3",
      "resolved": "http://r.npm.sankuai.com/debug/download/debug-4.4.3.tgz",
      "integrity": "sha1-xq5DLZvZZiWC/OCHCbA4xY6ePWo=",
      "license": "MIT",
      "dependencies": {
        "ms": "^2.1.3"
      },
      "engines": {
        "node": ">=6.0"
      },
      "peerDependenciesMeta": {
        "supports-color": {
          "optional": true
        }
      }
    },
    "node_modules/degenerator": {
      "version": "5.0.1",
      "resolved": "http://r.npm.sankuai.com/degenerator/download/degenerator-5.0.1.tgz",
      "integrity": "sha1-lAO/KXxtrZoezkCbN9snlU+R8vU=",
      "license": "MIT",
      "dependencies": {
        "ast-types": "^0.13.4",
        "escodegen": "^2.1.0",
        "esprima": "^4.0.1"
      },
      "engines": {
        "node": ">= 14"
      }
    },
    "node_modules/devtools-protocol": {
      "version": "0.0.1551306",
      "resolved": "http://r.npm.sankuai.com/devtools-protocol/download/devtools-protocol-0.0.1551306.tgz",
      "integrity": "sha1-+9w27U6eC+KUbIJmgPpMaprFXNM=",
      "license": "BSD-3-Clause"
    },
    "node_modules/emoji-regex": {
      "version": "8.0.0",
      "resolved": "http://r.npm.sankuai.com/emoji-regex/download/emoji-regex-8.0.0.tgz",
      "integrity": "sha1-6Bj9ac5cz8tARZT4QpY79TFkzDc=",
      "license": "MIT"
    },
    "node_modules/end-of-stream": {
      "version": "1.4.5",
      "resolved": "http://r.npm.sankuai.com/end-of-stream/download/end-of-stream-1.4.5.tgz",
      "integrity": "sha1-c0TXEd6kDgt0q8LtSXeHQ8ztsIw=",
      "license": "MIT",
      "dependencies": {
        "once": "^1.4.0"
      }
    },
    "node_modules/env-paths": {
      "version": "2.2.1",
      "resolved": "http://r.npm.sankuai.com/env-paths/download/env-paths-2.2.1.tgz",
      "integrity": "sha1-QgOZ1BbOH76bwKB8Yvpo1n/Q+PI=",
      "license": "MIT",
      "engines": {
        "node": ">=6"
      }
    },
    "node_modules/error-ex": {
      "version": "1.3.4",
      "resolved": "http://r.npm.sankuai.com/error-ex/download/error-ex-1.3.4.tgz",
      "integrity": "sha1-s6jYu2+S7swWKePifTyGB6ijJBQ=",
      "license": "MIT",
      "dependencies": {
        "is-arrayish": "^0.2.1"
      }
    },
    "node_modules/escalade": {
      "version": "3.2.0",
      "resolved": "http://r.npm.sankuai.com/escalade/download/escalade-3.2.0.tgz",
      "integrity": "sha1-ARo/aYVroYnf+n3I/M6Z0qh5A+U=",
      "license": "MIT",
      "engines": {
        "node": ">=6"
      }
    },
    "node_modules/escodegen": {
      "version": "2.1.0",
      "resolved": "http://r.npm.sankuai.com/escodegen/download/escodegen-2.1.0.tgz",
      "integrity": "sha1-upO7t6Q5htKdYEH5n1Ji2nc+Lhc=",
      "license": "BSD-2-Clause",
      "dependencies": {
        "esprima": "^4.0.1",
        "estraverse": "^5.2.0",
        "esutils": "^2.0.2"
      },
      "bin": {
        "escodegen": "bin/escodegen.js",
        "esgenerate": "bin/esgenerate.js"
      },
      "engines": {
        "node": ">=6.0"
      },
      "optionalDependencies": {
        "source-map": "~0.6.1"
      }
    },
    "node_modules/esprima": {
      "version": "4.0.1",
      "resolved": "http://r.npm.sankuai.com/esprima/download/esprima-4.0.1.tgz",
      "integrity": "sha1-E7BM2z5sXRnfkatph6hpVhmwqnE=",
      "license": "BSD-2-Clause",
      "bin": {
        "esparse": "bin/esparse.js",
        "esvalidate": "bin/esvalidate.js"
      },
      "engines": {
        "node": ">=4"
      }
    },
    "node_modules/estraverse": {
      "version": "5.3.0",
      "resolved": "http://r.npm.sankuai.com/estraverse/download/estraverse-5.3.0.tgz",
      "integrity": "sha1-LupSkHAvJquP5TcDcP+GyWXSESM=",
      "license": "BSD-2-Clause",
      "engines": {
        "node": ">=4.0"
      }
    },
    "node_modules/esutils": {
      "version": "2.0.3",
      "resolved": "http://r.npm.sankuai.com/esutils/download/esutils-2.0.3.tgz",
      "integrity": "sha1-dNLrTeC42hKTcRkQ1Qd1ubcQ72Q=",
      "license": "BSD-2-Clause",
      "engines": {
        "node": ">=0.10.0"
      }
    },
    "node_modules/events-universal": {
      "version": "1.0.1",
      "resolved": "http://r.npm.sankuai.com/events-universal/download/events-universal-1.0.1.tgz",
      "integrity": "sha1-tWqE/WEbZhDgotDwn4D9+THi3+Y=",
      "license": "Apache-2.0",
      "dependencies": {
        "bare-events": "^2.7.0"
      }
    },
    "node_modules/extract-zip": {
      "version": "2.0.1",
      "resolved": "http://r.npm.sankuai.com/extract-zip/download/extract-zip-2.0.1.tgz",
      "integrity": "sha1-Zj3KVv5G34kNXxMe9KBtIruLoTo=",
      "license": "BSD-2-Clause",
      "dependencies": {
        "debug": "^4.1.1",
        "get-stream": "^5.1.0",
        "yauzl": "^2.10.0"
      },
      "bin": {
        "extract-zip": "cli.js"
      },
      "engines": {
        "node": ">= 10.17.0"
      },
      "optionalDependencies": {
        "@types/yauzl": "^2.9.1"
      }
    },
    "node_modules/fast-fifo": {
      "version": "1.3.2",
      "resolved": "http://r.npm.sankuai.com/fast-fifo/download/fast-fifo-1.3.2.tgz",
      "integrity": "sha1-KG4x3pbrltOKl4mYFXQLoqTzZAw=",
      "license": "MIT"
    },
    "node_modules/fd-slicer": {
      "version": "1.1.0",
      "resolved": "http://r.npm.sankuai.com/fd-slicer/download/fd-slicer-1.1.0.tgz",
      "integrity": "sha1-JcfInLH5B3+IkbvmHY85Dq4lbx4=",
      "license": "MIT",
      "dependencies": {
        "pend": "~1.2.0"
      }
    },
    "node_modules/fsevents": {
      "version": "2.3.2",
      "resolved": "https://registry.npmmirror.com/fsevents/-/fsevents-2.3.2.tgz",
      "integrity": "sha512-xiqMQR4xAeHTuB9uWm+fFRcIOgKBMiOBP+eXiyT7jsgVCq1bkVygt00oASowB7EdtpOHaaPgKt812P9ab+DDKA==",
      "hasInstallScript": true,
      "optional": true,
      "os": [
        "darwin"
      ],
      "engines": {
        "node": "^8.16.0 || ^10.6.0 || >=11.0.0"
      }
    },
    "node_modules/get-caller-file": {
      "version": "2.0.5",
      "resolved": "http://r.npm.sankuai.com/get-caller-file/download/get-caller-file-2.0.5.tgz",
      "integrity": "sha1-T5RBKoLbMvNuOwuXQfipf+sDH34=",
      "license": "ISC",
      "engines": {
        "node": "6.* || 8.* || >= 10.*"
      }
    },
    "node_modules/get-stream": {
      "version": "5.2.0",
      "resolved": "http://r.npm.sankuai.com/get-stream/download/get-stream-5.2.0.tgz",
      "integrity": "sha1-SWaheV7lrOZecGxLe+txJX1uItM=",
      "license": "MIT",
      "dependencies": {
        "pump": "^3.0.0"
      },
      "engines": {
        "node": ">=8"
      },
      "funding": {
        "url": "https://github.com/sponsors/sindresorhus"
      }
    },
    "node_modules/get-uri": {
      "version": "6.0.5",
      "resolved": "http://r.npm.sankuai.com/get-uri/download/get-uri-6.0.5.tgz",
      "integrity": "sha1-cUiSqkqHHbZxq8U5Xl6UR7wwahY=",
      "license": "MIT",
      "dependencies": {
        "basic-ftp": "^5.0.2",
        "data-uri-to-buffer": "^6.0.2",
        "debug": "^4.3.4"
      },
      "engines": {
        "node": ">= 14"
      }
    },
    "node_modules/http-proxy-agent": {
      "version": "7.0.2",
      "resolved": "http://r.npm.sankuai.com/http-proxy-agent/download/http-proxy-agent-7.0.2.tgz",
      "integrity": "sha1-mosfJGhmwChQlIZYX2K48sGMJw4=",
      "license": "MIT",
      "dependencies": {
        "agent-base": "^7.1.0",
        "debug": "^4.3.4"
      },
      "engines": {
        "node": ">= 14"
      }
    },
    "node_modules/https-proxy-agent": {
      "version": "7.0.6",
      "resolved": "http://r.npm.sankuai.com/https-proxy-agent/download/https-proxy-agent-7.0.6.tgz",
      "integrity": "sha1-2o3+rH2hMLBcK6S1nJts1mYRprk=",
      "license": "MIT",
      "dependencies": {
        "agent-base": "^7.1.2",
        "debug": "4"
      },
      "engines": {
        "node": ">= 14"
      }
    },
    "node_modules/import-fresh": {
      "version": "3.3.1",
      "resolved": "http://r.npm.sankuai.com/import-fresh/download/import-fresh-3.3.1.tgz",
      "integrity": "sha1-nOy1ZQPAraHydB271lRuSxO1fM8=",
      "license": "MIT",
      "dependencies": {
        "parent-module": "^1.0.0",
        "resolve-from": "^4.0.0"
      },
      "engines": {
        "node": ">=6"
      },
      "funding": {
        "url": "https://github.com/sponsors/sindresorhus"
      }
    },
    "node_modules/ip-address": {
      "version": "10.1.0",
      "resolved": "http://r.npm.sankuai.com/ip-address/download/ip-address-10.1.0.tgz",
      "integrity": "sha1-2Nz/s00OAuskFCdESm4j9bBZWqQ=",
      "license": "MIT",
      "engines": {
        "node": ">= 12"
      }
    },
    "node_modules/is-arrayish": {
      "version": "0.2.1",
      "resolved": "http://r.npm.sankuai.com/is-arrayish/download/is-arrayish-0.2.1.tgz",
      "integrity": "sha1-d8mYQFJ6qOyxqLppe4BkWnqSap0=",
      "license": "MIT"
    },
    "node_modules/is-fullwidth-code-point": {
      "version": "3.0.0",
      "resolved": "http://r.npm.sankuai.com/is-fullwidth-code-point/download/is-fullwidth-code-point-3.0.0.tgz",
      "integrity": "sha1-8Rb4Bk/pCz94RKOJl8C3UFEmnx0=",
      "license": "MIT",
      "engines": {
        "node": ">=8"
      }
    },
    "node_modules/js-tokens": {
      "version": "4.0.0",
      "resolved": "http://r.npm.sankuai.com/js-tokens/download/js-tokens-4.0.0.tgz",
      "integrity": "sha1-GSA/tZmR35jjoocFDUZHzerzJJk=",
      "license": "MIT"
    },
    "node_modules/js-yaml": {
      "version": "4.1.1",
      "resolved": "http://r.npm.sankuai.com/js-yaml/download/js-yaml-4.1.1.tgz",
      "integrity": "sha1-hUwpJGdwW2mUduGi3swMijRYgGs=",
      "license": "MIT",
      "dependencies": {
        "argparse": "^2.0.1"
      },
      "bin": {
        "js-yaml": "bin/js-yaml.js"
      }
    },
    "node_modules/json-parse-even-better-errors": {
      "version": "2.3.1",
      "resolved": "http://r.npm.sankuai.com/json-parse-even-better-errors/download/json-parse-even-better-errors-2.3.1.tgz",
      "integrity": "sha1-fEeAWpQxmSjgV3dAXcEuH3pO4C0=",
      "license": "MIT"
    },
    "node_modules/lines-and-columns": {
      "version": "1.2.4",
      "resolved": "http://r.npm.sankuai.com/lines-and-columns/download/lines-and-columns-1.2.4.tgz",
      "integrity": "sha1-7KKE910pZQeTCdwK2SVauy68FjI=",
      "license": "MIT"
    },
    "node_modules/lru-cache": {
      "version": "7.18.3",
      "resolved": "http://r.npm.sankuai.com/lru-cache/download/lru-cache-7.18.3.tgz",
      "integrity": "sha1-95OJbg/Q6VSlnf3YLwdzgI32qok=",
      "license": "ISC",
      "engines": {
        "node": ">=12"
      }
    },
    "node_modules/mitt": {
      "version": "3.0.1",
      "resolved": "http://r.npm.sankuai.com/mitt/download/mitt-3.0.1.tgz",
      "integrity": "sha1-6jbPDMMEA2Aa4HTI93twks2rNtE=",
      "license": "MIT"
    },
    "node_modules/ms": {
      "version": "2.1.3",
      "resolved": "http://r.npm.sankuai.com/ms/download/ms-2.1.3.tgz",
      "integrity": "sha1-V0yBOM4dK1hh8LRFedut1gxmFbI=",
      "license": "MIT"
    },
    "node_modules/netmask": {
      "version": "2.0.2",
      "resolved": "http://r.npm.sankuai.com/netmask/download/netmask-2.0.2.tgz",
      "integrity": "sha1-iwGgdkQGXVNjg4NYI7xSAE66xec=",
      "license": "MIT",
      "engines": {
        "node": ">= 0.4.0"
      }
    },
    "node_modules/once": {
      "version": "1.4.0",
      "resolved": "http://r.npm.sankuai.com/once/download/once-1.4.0.tgz",
      "integrity": "sha1-WDsap3WWHUsROsF9nFC6753Xa9E=",
      "license": "ISC",
      "dependencies": {
        "wrappy": "1"
      }
    },
    "node_modules/pac-proxy-agent": {
      "version": "7.2.0",
      "resolved": "http://r.npm.sankuai.com/pac-proxy-agent/download/pac-proxy-agent-7.2.0.tgz",
      "integrity": "sha1-nPrzP/Jdo29hR6IIRCMOySwG5d8=",
      "license": "MIT",
      "dependencies": {
        "@tootallnate/quickjs-emscripten": "^0.23.0",
        "agent-base": "^7.1.2",
        "debug": "^4.3.4",
        "get-uri": "^6.0.1",
        "http-proxy-agent": "^7.0.0",
        "https-proxy-agent": "^7.0.6",
        "pac-resolver": "^7.0.1",
        "socks-proxy-agent": "^8.0.5"
      },
      "engines": {
        "node": ">= 14"
      }
    },
    "node_modules/pac-resolver": {
      "version": "7.0.1",
      "resolved": "http://r.npm.sankuai.com/pac-resolver/download/pac-resolver-7.0.1.tgz",
      "integrity": "sha1-VGdVWOo2i2TSEP2ckqZAtfO4q7Y=",
      "license": "MIT",
      "dependencies": {
        "degenerator": "^5.0.0",
        "netmask": "^2.0.2"
      },
      "engines": {
        "node": ">= 14"
      }
    },
    "node_modules/parent-module": {
      "version": "1.0.1",
      "resolved": "http://r.npm.sankuai.com/parent-module/download/parent-module-1.0.1.tgz",
      "integrity": "sha1-aR0nCeeMefrjoVZiJFLQB2LKqqI=",
      "license": "MIT",
      "dependencies": {
        "callsites": "^3.0.0"
      },
      "engines": {
        "node": ">=6"
      }
    },
    "node_modules/parse-json": {
      "version": "5.2.0",
      "resolved": "http://r.npm.sankuai.com/parse-json/download/parse-json-5.2.0.tgz",
      "integrity": "sha1-x2/Gbe5UIxyWKyK8yKcs8vmXU80=",
      "license": "MIT",
      "dependencies": {
        "@babel/code-frame": "^7.0.0",
        "error-ex": "^1.3.1",
        "json-parse-even-better-errors": "^2.3.0",
        "lines-and-columns": "^1.1.6"
      },
      "engines": {
        "node": ">=8"
      },
      "funding": {
        "url": "https://github.com/sponsors/sindresorhus"
      }
    },
    "node_modules/pend": {
      "version": "1.2.0",
      "resolved": "http://r.npm.sankuai.com/pend/download/pend-1.2.0.tgz",
      "integrity": "sha1-elfrVQpng/kRUzH89GY9XI4AelA=",
      "license": "MIT"
    },
    "node_modules/picocolors": {
      "version": "1.1.1",
      "resolved": "http://r.npm.sankuai.com/picocolors/download/picocolors-1.1.1.tgz",
      "integrity": "sha1-PTIa8+q5ObCDyPkpodEs2oHCa2s=",
      "license": "ISC"
    },
    "node_modules/playwright": {
      "version": "1.58.0",
      "resolved": "https://registry.npmmirror.com/playwright/-/playwright-1.58.0.tgz",
      "integrity": "sha512-2SVA0sbPktiIY/MCOPX8e86ehA/e+tDNq+e5Y8qjKYti2Z/JG7xnronT/TXTIkKbYGWlCbuucZ6dziEgkoEjQQ==",
      "dependencies": {
        "playwright-core": "1.58.0"
      },
      "bin": {
        "playwright": "cli.js"
      },
      "engines": {
        "node": ">=18"
      },
      "optionalDependencies": {
        "fsevents": "2.3.2"
      }
    },
    "node_modules/playwright-core": {
      "version": "1.58.0",
      "resolved": "https://registry.npmmirror.com/playwright-core/-/playwright-core-1.58.0.tgz",
      "integrity": "sha512-aaoB1RWrdNi3//rOeKuMiS65UCcgOVljU46At6eFcOFPFHWtd2weHRRow6z/n+Lec0Lvu0k9ZPKJSjPugikirw==",
      "bin": {
        "playwright-core": "cli.js"
      },
      "engines": {
        "node": ">=18"
      }
    },
    "node_modules/progress": {
      "version": "2.0.3",
      "resolved": "http://r.npm.sankuai.com/progress/download/progress-2.0.3.tgz",
      "integrity": "sha1-foz42PW48jnBvGi+tOt4Vn1XLvg=",
      "license": "MIT",
      "engines": {
        "node": ">=0.4.0"
      }
    },
    "node_modules/proxy-agent": {
      "version": "6.5.0",
      "resolved": "http://r.npm.sankuai.com/proxy-agent/download/proxy-agent-6.5.0.tgz",
      "integrity": "sha1-nkmsuo5O4jSqy1Ofie2cI9AvIy0=",
      "license": "MIT",
      "dependencies": {
        "agent-base": "^7.1.2",
        "debug": "^4.3.4",
        "http-proxy-agent": "^7.0.1",
        "https-proxy-agent": "^7.0.6",
        "lru-cache": "^7.14.1",
        "pac-proxy-agent": "^7.1.0",
        "proxy-from-env": "^1.1.0",
        "socks-proxy-agent": "^8.0.5"
      },
      "engines": {
        "node": ">= 14"
      }
    },
    "node_modules/proxy-from-env": {
      "version": "1.1.0",
      "resolved": "http://r.npm.sankuai.com/proxy-from-env/download/proxy-from-env-1.1.0.tgz",
      "integrity": "sha1-4QLxbKNVQkhldV0sno6k8k1Yw+I=",
      "license": "MIT"
    },
    "node_modules/pump": {
      "version": "3.0.3",
      "resolved": "http://r.npm.sankuai.com/pump/download/pump-3.0.3.tgz",
      "integrity": "sha1-FR2XnxopZo3AAl7FiaRVtTKCJo0=",
      "license": "MIT",
      "dependencies": {
        "end-of-stream": "^1.1.0",
        "once": "^1.3.1"
      }
    },
    "node_modules/puppeteer": {
      "version": "24.36.0",
      "resolved": "http://r.npm.sankuai.com/puppeteer/download/puppeteer-24.36.0.tgz",
      "integrity": "sha1-JAgTzyRobvkzlqXAl1zUszakb28=",
      "hasInstallScript": true,
      "license": "Apache-2.0",
      "dependencies": {
        "@puppeteer/browsers": "2.11.1",
        "chromium-bidi": "13.0.1",
        "cosmiconfig": "^9.0.0",
        "devtools-protocol": "0.0.1551306",
        "puppeteer-core": "24.36.0",
        "typed-query-selector": "^2.12.0"
      },
      "bin": {
        "puppeteer": "lib/cjs/puppeteer/node/cli.js"
      },
      "engines": {
        "node": ">=18"
      }
    },
    "node_modules/puppeteer-core": {
      "version": "24.36.0",
      "resolved": "http://r.npm.sankuai.com/puppeteer-core/download/puppeteer-core-24.36.0.tgz",
      "integrity": "sha1-bUQhtWtZi8UDpIAPUgSq8nhdKtM=",
      "license": "Apache-2.0",
      "dependencies": {
        "@puppeteer/browsers": "2.11.1",
        "chromium-bidi": "13.0.1",
        "debug": "^4.4.3",
        "devtools-protocol": "0.0.1551306",
        "typed-query-selector": "^2.12.0",
        "webdriver-bidi-protocol": "0.4.0",
        "ws": "^8.19.0"
      },
      "engines": {
        "node": ">=18"
      }
    },
    "node_modules/require-directory": {
      "version": "2.1.1",
      "resolved": "http://r.npm.sankuai.com/require-directory/download/require-directory-2.1.1.tgz",
      "integrity": "sha1-jGStX9MNqxyXbiNE/+f3kqam30I=",
      "license": "MIT",
      "engines": {
        "node": ">=0.10.0"
      }
    },
    "node_modules/resolve-from": {
      "version": "4.0.0",
      "resolved": "http://r.npm.sankuai.com/resolve-from/download/resolve-from-4.0.0.tgz",
      "integrity": "sha1-SrzYUq0y3Xuqv+m0DgCjbbXzkuY=",
      "license": "MIT",
      "engines": {
        "node": ">=4"
      }
    },
    "node_modules/semver": {
      "version": "7.7.3",
      "resolved": "http://r.npm.sankuai.com/semver/download/semver-7.7.3.tgz",
      "integrity": "sha1-S19BQ9AHYzqNxnHNCm75FHuLuUY=",
      "license": "ISC",
      "bin": {
        "semver": "bin/semver.js"
      },
      "engines": {
        "node": ">=10"
      }
    },
    "node_modules/smart-buffer": {
      "version": "4.2.0",
      "resolved": "http://r.npm.sankuai.com/smart-buffer/download/smart-buffer-4.2.0.tgz",
      "integrity": "sha1-bh1x+k8YwF99D/IW3RakgdDo2a4=",
      "license": "MIT",
      "engines": {
        "node": ">= 6.0.0",
        "npm": ">= 3.0.0"
      }
    },
    "node_modules/socks": {
      "version": "2.8.7",
      "resolved": "http://r.npm.sankuai.com/socks/download/socks-2.8.7.tgz",
      "integrity": "sha1-4vsdmmA63XUFCiBn24w4GgtWaeo=",
      "license": "MIT",
      "dependencies": {
        "ip-address": "^10.0.1",
        "smart-buffer": "^4.2.0"
      },
      "engines": {
        "node": ">= 10.0.0",
        "npm": ">= 3.0.0"
      }
    },
    "node_modules/socks-proxy-agent": {
      "version": "8.0.5",
      "resolved": "http://r.npm.sankuai.com/socks-proxy-agent/download/socks-proxy-agent-8.0.5.tgz",
      "integrity": "sha1-uc205+mYUJ12WdaJznaXrCFkW+4=",
      "license": "MIT",
      "dependencies": {
        "agent-base": "^7.1.2",
        "debug": "^4.3.4",
        "socks": "^2.8.3"
      },
      "engines": {
        "node": ">= 14"
      }
    },
    "node_modules/source-map": {
      "version": "0.6.1",
      "resolved": "http://r.npm.sankuai.com/source-map/download/source-map-0.6.1.tgz",
      "integrity": "sha1-dHIq8y6WFOnCh6jQu95IteLxomM=",
      "license": "BSD-3-Clause",
      "optional": true,
      "engines": {
        "node": ">=0.10.0"
      }
    },
    "node_modules/streamx": {
      "version": "2.23.0",
      "resolved": "http://r.npm.sankuai.com/streamx/download/streamx-2.23.0.tgz",
      "integrity": "sha1-fQ89ANSmxd5XKK7NZCK0AI1m/Qs=",
      "license": "MIT",
      "dependencies": {
        "events-universal": "^1.0.0",
        "fast-fifo": "^1.3.2",
        "text-decoder": "^1.1.0"
      }
    },
    "node_modules/string-width": {
      "version": "4.2.3",
      "resolved": "http://r.npm.sankuai.com/string-width/download/string-width-4.2.3.tgz",
      "integrity": "sha1-JpxxF9J7Ba0uU2gwqOyJXvnG0BA=",
      "license": "MIT",
      "dependencies": {
        "emoji-regex": "^8.0.0",
        "is-fullwidth-code-point": "^3.0.0",
        "strip-ansi": "^6.0.1"
      },
      "engines": {
        "node": ">=8"
      }
    },
    "node_modules/strip-ansi": {
      "version": "6.0.1",
      "resolved": "http://r.npm.sankuai.com/strip-ansi/download/strip-ansi-6.0.1.tgz",
      "integrity": "sha1-nibGPTD1NEPpSJSVshBdN7Z6hdk=",
      "license": "MIT",
      "dependencies": {
        "ansi-regex": "^5.0.1"
      },
      "engines": {
        "node": ">=8"
      }
    },
    "node_modules/tar-fs": {
      "version": "3.1.1",
      "resolved": "http://r.npm.sankuai.com/tar-fs/download/tar-fs-3.1.1.tgz",
      "integrity": "sha1-TxZOWftg8QPUcjYHMejGu0p/6e8=",
      "license": "MIT",
      "dependencies": {
        "pump": "^3.0.0",
        "tar-stream": "^3.1.5"
      },
      "optionalDependencies": {
        "bare-fs": "^4.0.1",
        "bare-path": "^3.0.0"
      }
    },
    "node_modules/tar-stream": {
      "version": "3.1.7",
      "resolved": "http://r.npm.sankuai.com/tar-stream/download/tar-stream-3.1.7.tgz",
      "integrity": "sha1-JLP7XqutoZ/nM47W0m5ffEgueSs=",
      "license": "MIT",
      "dependencies": {
        "b4a": "^1.6.4",
        "fast-fifo": "^1.2.0",
        "streamx": "^2.15.0"
      }
    },
    "node_modules/text-decoder": {
      "version": "1.2.3",
      "resolved": "http://r.npm.sankuai.com/text-decoder/download/text-decoder-1.2.3.tgz",
      "integrity": "sha1-sZ2jZNmBsjJtX0MJnDEMyA13DGU=",
      "license": "Apache-2.0",
      "dependencies": {
        "b4a": "^1.6.4"
      }
    },
    "node_modules/tslib": {
      "version": "2.8.1",
      "resolved": "http://r.npm.sankuai.com/tslib/download/tslib-2.8.1.tgz",
      "integrity": "sha1-YS7+TtI11Wfoq6Xypfq3AoCt6D8=",
      "license": "0BSD"
    },
    "node_modules/typed-query-selector": {
      "version": "2.12.0",
      "resolved": "http://r.npm.sankuai.com/typed-query-selector/download/typed-query-selector-2.12.0.tgz",
      "integrity": "sha1-krZdvApCZV/M9K6xoIsd3c6K9fI=",
      "license": "MIT"
    },
    "node_modules/undici-types": {
      "version": "7.16.0",
      "resolved": "http://r.npm.sankuai.com/undici-types/download/undici-types-7.16.0.tgz",
      "integrity": "sha1-/8zf82rqSITL/OmnUKBYAiT1ikY=",
      "license": "MIT",
      "optional": true
    },
    "node_modules/webdriver-bidi-protocol": {
      "version": "0.4.0",
      "resolved": "http://r.npm.sankuai.com/webdriver-bidi-protocol/download/webdriver-bidi-protocol-0.4.0.tgz",
      "integrity": "sha1-MFdHcgnMW+67oZ1QsxMExM7BAG0=",
      "license": "Apache-2.0"
    },
    "node_modules/wrap-ansi": {
      "version": "7.0.0",
      "resolved": "http://r.npm.sankuai.com/wrap-ansi/download/wrap-ansi-7.0.0.tgz",
      "integrity": "sha1-Z+FFz/UQpqaYS98RUpEdadLrnkM=",
      "license": "MIT",
      "dependencies": {
        "ansi-styles": "^4.0.0",
        "string-width": "^4.1.0",
        "strip-ansi": "^6.0.0"
      },
      "engines": {
        "node": ">=10"
      },
      "funding": {
        "url": "https://github.com/chalk/wrap-ansi?sponsor=1"
      }
    },
    "node_modules/wrappy": {
      "version": "1.0.2",
      "resolved": "http://r.npm.sankuai.com/wrappy/download/wrappy-1.0.2.tgz",
      "integrity": "sha1-tSQ9jz7BqjXxNkYFvA0QNuMKtp8=",
      "license": "ISC"
    },
    "node_modules/ws": {
      "version": "8.19.0",
      "resolved": "http://r.npm.sankuai.com/ws/download/ws-8.19.0.tgz",
      "integrity": "sha1-3cK9+lua2GAgT1pypIY6iJX9jIs=",
      "license": "MIT",
      "engines": {
        "node": ">=10.0.0"
      },
      "peerDependencies": {
        "bufferutil": "^4.0.1",
        "utf-8-validate": ">=5.0.2"
      },
      "peerDependenciesMeta": {
        "bufferutil": {
          "optional": true
        },
        "utf-8-validate": {
          "optional": true
        }
      }
    },
    "node_modules/y18n": {
      "version": "5.0.8",
      "resolved": "http://r.npm.sankuai.com/y18n/download/y18n-5.0.8.tgz",
      "integrity": "sha1-f0k00PfKjFb5UxSTndzS3ZHOHVU=",
      "license": "ISC",
      "engines": {
        "node": ">=10"
      }
    },
    "node_modules/yargs": {
      "version": "17.7.2",
      "resolved": "http://r.npm.sankuai.com/yargs/download/yargs-17.7.2.tgz",
      "integrity": "sha1-mR3zmspnWhkrgW4eA2P5110qomk=",
      "license": "MIT",
      "dependencies": {
        "cliui": "^8.0.1",
        "escalade": "^3.1.1",
        "get-caller-file": "^2.0.5",
        "require-directory": "^2.1.1",
        "string-width": "^4.2.3",
        "y18n": "^5.0.5",
        "yargs-parser": "^21.1.1"
      },
      "engines": {
        "node": ">=12"
      }
    },
    "node_modules/yargs-parser": {
      "version": "21.1.1",
      "resolved": "http://r.npm.sankuai.com/yargs-parser/download/yargs-parser-21.1.1.tgz",
      "integrity": "sha1-kJa87r+ZDSG7MfqVFuDt4pSnfTU=",
      "license": "ISC",
      "engines": {
        "node": ">=12"
      }
    },
    "node_modules/yauzl": {
      "version": "2.10.0",
      "resolved": "http://r.npm.sankuai.com/yauzl/download/yauzl-2.10.0.tgz",
      "integrity": "sha1-x+sXyT4RLLEIb6bY5R+wZnt5pfk=",
      "license": "MIT",
      "dependencies": {
        "buffer-crc32": "~0.2.3",
        "fd-slicer": "~1.1.0"
      }
    },
    "node_modules/zod": {
      "version": "3.25.76",
      "resolved": "http://r.npm.sankuai.com/zod/download/zod-3.25.76.tgz",
      "integrity": "sha1-JoQcP2/SKmonYOfMtxkXl2hHHjQ=",
      "license": "MIT",
      "funding": {
        "url": "https://github.com/sponsors/colinhacks"
      }
    }
  }
}
